// !$*UTF8*$!
{
	archiveVersion = 1;
	classes = {
	};
	objectVersion = 55;
	objects = {

/* Begin PBXBuildFile section */
		55570D81288D8E5700C64C7F /* AppDelegate.swift in Sources */ = {isa = PBXBuildFile; fileRef = 55570D80288D8E5700C64C7F /* AppDelegate.swift */; };
		55570D83288D8E5700C64C7F /* SceneDelegate.swift in Sources */ = {isa = PBXBuildFile; fileRef = 55570D82288D8E5700C64C7F /* SceneDelegate.swift */; };
		55570D85288D8E5700C64C7F /* RegistrationViewController.swift in Sources */ = {isa = PBXBuildFile; fileRef = 55570D84288D8E5700C64C7F /* RegistrationViewController.swift */; };
		55570D88288D8E5700C64C7F /* Main.storyboard in Resources */ = {isa = PBXBuildFile; fileRef = 55570D86288D8E5700C64C7F /* Main.storyboard */; };
		55570D8A288D8E5900C64C7F /* Assets.xcassets in Resources */ = {isa = PBXBuildFile; fileRef = 55570D89288D8E5900C64C7F /* Assets.xcassets */; };
		55570D8D288D8E5900C64C7F /* LaunchScreen.storyboard in Resources */ = {isa = PBXBuildFile; fileRef = 55570D8B288D8E5900C64C7F /* LaunchScreen.storyboard */; };
		5568E8AD28AA9F97008C2A50 /* MainTabBarController.swift in Sources */ = {isa = PBXBuildFile; fileRef = 5568E8AC28AA9F97008C2A50 /* MainTabBarController.swift */; };
		5568E8AF28AA9FAC008C2A50 /* User.swift in Sources */ = {isa = PBXBuildFile; fileRef = 5568E8AE28AA9FAC008C2A50 /* User.swift */; };
		5568E8B128AA9FB6008C2A50 /* CoinsModel.swift in Sources */ = {isa = PBXBuildFile; fileRef = 5568E8B028AA9FB6008C2A50 /* CoinsModel.swift */; };
		5568E8B328AA9FC2008C2A50 /* OneCoinModel.swift in Sources */ = {isa = PBXBuildFile; fileRef = 5568E8B228AA9FC2008C2A50 /* OneCoinModel.swift */; };
		5568E8B528AA9FCA008C2A50 /* SortBy.swift in Sources */ = {isa = PBXBuildFile; fileRef = 5568E8B428AA9FCA008C2A50 /* SortBy.swift */; };
		5568E8B728AA9FF3008C2A50 /* DataExtraction.swift in Sources */ = {isa = PBXBuildFile; fileRef = 5568E8B628AA9FF3008C2A50 /* DataExtraction.swift */; };
		5568E8B928AA9FFF008C2A50 /* NetworkDate.swift in Sources */ = {isa = PBXBuildFile; fileRef = 5568E8B828AA9FFF008C2A50 /* NetworkDate.swift */; };
		5568E8BB28AAA010008C2A50 /* BaseNetworkTask.swift in Sources */ = {isa = PBXBuildFile; fileRef = 5568E8BA28AAA010008C2A50 /* BaseNetworkTask.swift */; };
		5568E8BD28AAA052008C2A50 /* BonusViewController.swift in Sources */ = {isa = PBXBuildFile; fileRef = 5568E8BC28AAA052008C2A50 /* BonusViewController.swift */; };
		5568E8BF28AAA068008C2A50 /* DetailCoinsViewController.swift in Sources */ = {isa = PBXBuildFile; fileRef = 5568E8BE28AAA068008C2A50 /* DetailCoinsViewController.swift */; };
		5568E8C128AAA08A008C2A50 /* DetailTableViewCell.swift in Sources */ = {isa = PBXBuildFile; fileRef = 5568E8C028AAA08A008C2A50 /* DetailTableViewCell.swift */; };
		5568E8C328AAA09F008C2A50 /* ProfileViewController.swift in Sources */ = {isa = PBXBuildFile; fileRef = 5568E8C228AAA09F008C2A50 /* ProfileViewController.swift */; };
		5568E8C528AAA223008C2A50 /* CustomRegistrationView.swift in Sources */ = {isa = PBXBuildFile; fileRef = 5568E8C428AAA223008C2A50 /* CustomRegistrationView.swift */; };
		5568E8C728AAA238008C2A50 /* SortViewCell.swift in Sources */ = {isa = PBXBuildFile; fileRef = 5568E8C628AAA238008C2A50 /* SortViewCell.swift */; };
		55EABA4E28A44FC000D608B1 /* WalletTableViewController.swift in Sources */ = {isa = PBXBuildFile; fileRef = 55EABA4D28A44FC000D608B1 /* WalletTableViewController.swift */; };
		55EABA5028A451A100D608B1 /* ExtensionKeyboard.swift in Sources */ = {isa = PBXBuildFile; fileRef = 55EABA4F28A451A100D608B1 /* ExtensionKeyboard.swift */; };
		55EABA5F28A6D6C100D608B1 /* CustomColor.swift in Sources */ = {isa = PBXBuildFile; fileRef = 55EABA5E28A6D6C100D608B1 /* CustomColor.swift */; };
		55EFF0FA28AD3D23009633BF /* LaunchService.swift in Sources */ = {isa = PBXBuildFile; fileRef = 55EFF0F928AD3D23009633BF /* LaunchService.swift */; };
		96C79A6C7459A071D153F362 /* Pods_Crypto.framework in Frameworks */ = {isa = PBXBuildFile; fileRef = C8507C22EF0295F669103329 /* Pods_Crypto.framework */; };
/* End PBXBuildFile section */

/* Begin PBXFileReference section */
		1C2368F81B69FB48FB8F79D1 /* Pods-Crypto.debug.xcconfig */ = {isa = PBXFileReference; includeInIndex = 1; lastKnownFileType = text.xcconfig; name = "Pods-Crypto.debug.xcconfig"; path = "Target Support Files/Pods-Crypto/Pods-Crypto.debug.xcconfig"; sourceTree = "<group>"; };
		55570D7D288D8E5700C64C7F /* Crypto.app */ = {isa = PBXFileReference; explicitFileType = wrapper.application; includeInIndex = 0; path = Crypto.app; sourceTree = BUILT_PRODUCTS_DIR; };
		55570D80288D8E5700C64C7F /* AppDelegate.swift */ = {isa = PBXFileReference; lastKnownFileType = sourcecode.swift; path = AppDelegate.swift; sourceTree = "<group>"; };
		55570D82288D8E5700C64C7F /* SceneDelegate.swift */ = {isa = PBXFileReference; lastKnownFileType = sourcecode.swift; path = SceneDelegate.swift; sourceTree = "<group>"; };
		55570D84288D8E5700C64C7F /* RegistrationViewController.swift */ = {isa = PBXFileReference; lastKnownFileType = sourcecode.swift; path = RegistrationViewController.swift; sourceTree = "<group>"; };
		55570D87288D8E5700C64C7F /* Base */ = {isa = PBXFileReference; lastKnownFileType = file.storyboard; name = Base; path = Base.lproj/Main.storyboard; sourceTree = "<group>"; };
		55570D89288D8E5900C64C7F /* Assets.xcassets */ = {isa = PBXFileReference; lastKnownFileType = folder.assetcatalog; path = Assets.xcassets; sourceTree = "<group>"; };
		55570D8C288D8E5900C64C7F /* Base */ = {isa = PBXFileReference; lastKnownFileType = file.storyboard; name = Base; path = Base.lproj/LaunchScreen.storyboard; sourceTree = "<group>"; };
		55570D8E288D8E5900C64C7F /* Info.plist */ = {isa = PBXFileReference; lastKnownFileType = text.plist.xml; path = Info.plist; sourceTree = "<group>"; };
		5568E8AC28AA9F97008C2A50 /* MainTabBarController.swift */ = {isa = PBXFileReference; lastKnownFileType = sourcecode.swift; path = MainTabBarController.swift; sourceTree = "<group>"; };
		5568E8AE28AA9FAC008C2A50 /* User.swift */ = {isa = PBXFileReference; lastKnownFileType = sourcecode.swift; path = User.swift; sourceTree = "<group>"; };
		5568E8B028AA9FB6008C2A50 /* CoinsModel.swift */ = {isa = PBXFileReference; lastKnownFileType = sourcecode.swift; path = CoinsModel.swift; sourceTree = "<group>"; };
		5568E8B228AA9FC2008C2A50 /* OneCoinModel.swift */ = {isa = PBXFileReference; lastKnownFileType = sourcecode.swift; path = OneCoinModel.swift; sourceTree = "<group>"; };
		5568E8B428AA9FCA008C2A50 /* SortBy.swift */ = {isa = PBXFileReference; lastKnownFileType = sourcecode.swift; path = SortBy.swift; sourceTree = "<group>"; };
		5568E8B628AA9FF3008C2A50 /* DataExtraction.swift */ = {isa = PBXFileReference; lastKnownFileType = sourcecode.swift; path = DataExtraction.swift; sourceTree = "<group>"; };
		5568E8B828AA9FFF008C2A50 /* NetworkDate.swift */ = {isa = PBXFileReference; lastKnownFileType = sourcecode.swift; path = NetworkDate.swift; sourceTree = "<group>"; };
		5568E8BA28AAA010008C2A50 /* BaseNetworkTask.swift */ = {isa = PBXFileReference; lastKnownFileType = sourcecode.swift; path = BaseNetworkTask.swift; sourceTree = "<group>"; };
		5568E8BC28AAA052008C2A50 /* BonusViewController.swift */ = {isa = PBXFileReference; lastKnownFileType = sourcecode.swift; path = BonusViewController.swift; sourceTree = "<group>"; };
		5568E8BE28AAA068008C2A50 /* DetailCoinsViewController.swift */ = {isa = PBXFileReference; lastKnownFileType = sourcecode.swift; path = DetailCoinsViewController.swift; sourceTree = "<group>"; };
		5568E8C028AAA08A008C2A50 /* DetailTableViewCell.swift */ = {isa = PBXFileReference; lastKnownFileType = sourcecode.swift; path = DetailTableViewCell.swift; sourceTree = "<group>"; };
		5568E8C228AAA09F008C2A50 /* ProfileViewController.swift */ = {isa = PBXFileReference; lastKnownFileType = sourcecode.swift; path = ProfileViewController.swift; sourceTree = "<group>"; };
		5568E8C428AAA223008C2A50 /* CustomRegistrationView.swift */ = {isa = PBXFileReference; lastKnownFileType = sourcecode.swift; path = CustomRegistrationView.swift; sourceTree = "<group>"; };
		5568E8C628AAA238008C2A50 /* SortViewCell.swift */ = {isa = PBXFileReference; lastKnownFileType = sourcecode.swift; path = SortViewCell.swift; sourceTree = "<group>"; };
		55EABA4D28A44FC000D608B1 /* WalletTableViewController.swift */ = {isa = PBXFileReference; lastKnownFileType = sourcecode.swift; path = WalletTableViewController.swift; sourceTree = "<group>"; };
		55EABA4F28A451A100D608B1 /* ExtensionKeyboard.swift */ = {isa = PBXFileReference; lastKnownFileType = sourcecode.swift; path = ExtensionKeyboard.swift; sourceTree = "<group>"; };
		55EABA5E28A6D6C100D608B1 /* CustomColor.swift */ = {isa = PBXFileReference; lastKnownFileType = sourcecode.swift; path = CustomColor.swift; sourceTree = "<group>"; };
		55EFF0F928AD3D23009633BF /* LaunchService.swift */ = {isa = PBXFileReference; lastKnownFileType = sourcecode.swift; path = LaunchService.swift; sourceTree = "<group>"; };
		C8507C22EF0295F669103329 /* Pods_Crypto.framework */ = {isa = PBXFileReference; explicitFileType = wrapper.framework; includeInIndex = 0; path = Pods_Crypto.framework; sourceTree = BUILT_PRODUCTS_DIR; };
		EDDC3DF8E51E93CAD7DF266B /* Pods-Crypto.release.xcconfig */ = {isa = PBXFileReference; includeInIndex = 1; lastKnownFileType = text.xcconfig; name = "Pods-Crypto.release.xcconfig"; path = "Target Support Files/Pods-Crypto/Pods-Crypto.release.xcconfig"; sourceTree = "<group>"; };
/* End PBXFileReference section */

/* Begin PBXFrameworksBuildPhase section */
		55570D7A288D8E5700C64C7F /* Frameworks */ = {
			isa = PBXFrameworksBuildPhase;
			buildActionMask = 2147483647;
			files = (
				96C79A6C7459A071D153F362 /* Pods_Crypto.framework in Frameworks */,
			);
			runOnlyForDeploymentPostprocessing = 0;
		};
/* End PBXFrameworksBuildPhase section */

/* Begin PBXGroup section */
		55570D74288D8E5700C64C7F = {
			isa = PBXGroup;
			children = (
				55570D7F288D8E5700C64C7F /* Crypto */,
				70B4FF5E573016361204229C /* Pods */,
				55570D7E288D8E5700C64C7F /* Products */,
				FD099BEBD80E843858669BF9 /* Frameworks */,
			);
			sourceTree = "<group>";
		};
		55570D7E288D8E5700C64C7F /* Products */ = {
			isa = PBXGroup;
			children = (
				55570D7D288D8E5700C64C7F /* Crypto.app */,
			);
			name = Products;
			sourceTree = "<group>";
		};
		55570D7F288D8E5700C64C7F /* Crypto */ = {
			isa = PBXGroup;
			children = (
				55D1920128AA9E5B00162510 /* Model */,
				55D1920028AA9E5000162510 /* TabBar */,
				55D191FF28AA9E4700162510 /* Services */,
				55570D8E288D8E5900C64C7F /* Info.plist */,
				55EABA4128A4420C00D608B1 /* Application */,
				55EABA4828A444F700D608B1 /* Extension */,
				55EABA4028A441F100D608B1 /* DetailModule */,
				55EABA3F28A441C900D608B1 /* MainFlow */,
			);
			path = Crypto;
			sourceTree = "<group>";
		};
		5568E8CC28AACAF5008C2A50 /* RegistrationViewController */ = {
			isa = PBXGroup;
			children = (
				55570D84288D8E5700C64C7F /* RegistrationViewController.swift */,
			);
			path = RegistrationViewController;
			sourceTree = "<group>";
		};
		5568E8CD28AACB0C008C2A50 /* WalletViewController */ = {
			isa = PBXGroup;
			children = (
				55EABA4D28A44FC000D608B1 /* WalletTableViewController.swift */,
				5568E8C028AAA08A008C2A50 /* DetailTableViewCell.swift */,
				5568E8CE28AACB65008C2A50 /* DetailInfoViewController */,
			);
			path = WalletViewController;
			sourceTree = "<group>";
		};
		5568E8CE28AACB65008C2A50 /* DetailInfoViewController */ = {
			isa = PBXGroup;
			children = (
				5568E8BE28AAA068008C2A50 /* DetailCoinsViewController.swift */,
				5568E8BC28AAA052008C2A50 /* BonusViewController.swift */,
				5568E8C628AAA238008C2A50 /* SortViewCell.swift */,
			);
			path = DetailInfoViewController;
			sourceTree = "<group>";
		};
		5568E8CF28AACBA9008C2A50 /* ProfileViewController */ = {
			isa = PBXGroup;
			children = (
				5568E8C228AAA09F008C2A50 /* ProfileViewController.swift */,
			);
			path = ProfileViewController;
			sourceTree = "<group>";
		};
		55D191FF28AA9E4700162510 /* Services */ = {
			isa = PBXGroup;
			children = (
				5568E8B628AA9FF3008C2A50 /* DataExtraction.swift */,
				5568E8B828AA9FFF008C2A50 /* NetworkDate.swift */,
				5568E8BA28AAA010008C2A50 /* BaseNetworkTask.swift */,
				55EFF0F928AD3D23009633BF /* LaunchService.swift */,
			);
			path = Services;
			sourceTree = "<group>";
		};
		55D1920028AA9E5000162510 /* TabBar */ = {
			isa = PBXGroup;
			children = (
				5568E8AC28AA9F97008C2A50 /* MainTabBarController.swift */,
			);
			path = TabBar;
			sourceTree = "<group>";
		};
		55D1920128AA9E5B00162510 /* Model */ = {
			isa = PBXGroup;
			children = (
				5568E8AE28AA9FAC008C2A50 /* User.swift */,
				5568E8B028AA9FB6008C2A50 /* CoinsModel.swift */,
				5568E8B228AA9FC2008C2A50 /* OneCoinModel.swift */,
				5568E8B428AA9FCA008C2A50 /* SortBy.swift */,
			);
			path = Model;
			sourceTree = "<group>";
		};
		55EABA3F28A441C900D608B1 /* MainFlow */ = {
			isa = PBXGroup;
			children = (
				5568E8CC28AACAF5008C2A50 /* RegistrationViewController */,
				5568E8CD28AACB0C008C2A50 /* WalletViewController */,
				5568E8CF28AACBA9008C2A50 /* ProfileViewController */,
			);
			path = MainFlow;
			sourceTree = "<group>";
		};
		55EABA4028A441F100D608B1 /* DetailModule */ = {
			isa = PBXGroup;
			children = (
				55EABA5E28A6D6C100D608B1 /* CustomColor.swift */,
				5568E8C428AAA223008C2A50 /* CustomRegistrationView.swift */,
			);
			path = DetailModule;
			sourceTree = "<group>";
		};
		55EABA4128A4420C00D608B1 /* Application */ = {
			isa = PBXGroup;
			children = (
				55570D80288D8E5700C64C7F /* AppDelegate.swift */,
				55570D82288D8E5700C64C7F /* SceneDelegate.swift */,
				55570D86288D8E5700C64C7F /* Main.storyboard */,
				55570D89288D8E5900C64C7F /* Assets.xcassets */,
				55570D8B288D8E5900C64C7F /* LaunchScreen.storyboard */,
			);
			path = Application;
			sourceTree = "<group>";
		};
		55EABA4828A444F700D608B1 /* Extension */ = {
			isa = PBXGroup;
			children = (
				55EABA4F28A451A100D608B1 /* ExtensionKeyboard.swift */,
			);
			path = Extension;
			sourceTree = "<group>";
		};
		70B4FF5E573016361204229C /* Pods */ = {
			isa = PBXGroup;
			children = (
				1C2368F81B69FB48FB8F79D1 /* Pods-Crypto.debug.xcconfig */,
				EDDC3DF8E51E93CAD7DF266B /* Pods-Crypto.release.xcconfig */,
			);
			path = Pods;
			sourceTree = "<group>";
		};
		FD099BEBD80E843858669BF9 /* Frameworks */ = {
			isa = PBXGroup;
			children = (
				C8507C22EF0295F669103329 /* Pods_Crypto.framework */,
			);
			name = Frameworks;
			sourceTree = "<group>";
		};
/* End PBXGroup section */

/* Begin PBXNativeTarget section */
		55570D7C288D8E5700C64C7F /* Crypto */ = {
			isa = PBXNativeTarget;
			buildConfigurationList = 55570D91288D8E5900C64C7F /* Build configuration list for PBXNativeTarget "Crypto" */;
			buildPhases = (
				B759FEBCFDDFDF50F5A6CF59 /* [CP] Check Pods Manifest.lock */,
				55570D79288D8E5700C64C7F /* Sources */,
				55570D7A288D8E5700C64C7F /* Frameworks */,
				55570D7B288D8E5700C64C7F /* Resources */,
				DD1EF379EC026930B624322B /* [CP] Embed Pods Frameworks */,
			);
			buildRules = (
			);
			dependencies = (
			);
			name = Crypto;
			productName = Crypto;
			productReference = 55570D7D288D8E5700C64C7F /* Crypto.app */;
			productType = "com.apple.product-type.application";
		};
/* End PBXNativeTarget section */

/* Begin PBXProject section */
		55570D75288D8E5700C64C7F /* Project object */ = {
			isa = PBXProject;
			attributes = {
				BuildIndependentTargetsInParallel = 1;
				LastSwiftUpdateCheck = 1330;
				LastUpgradeCheck = 1330;
				TargetAttributes = {
					55570D7C288D8E5700C64C7F = {
						CreatedOnToolsVersion = 13.3;
					};
				};
			};
			buildConfigurationList = 55570D78288D8E5700C64C7F /* Build configuration list for PBXProject "Crypto" */;
			compatibilityVersion = "Xcode 13.0";
			developmentRegion = en;
			hasScannedForEncodings = 0;
			knownRegions = (
				en,
				Base,
			);
			mainGroup = 55570D74288D8E5700C64C7F;
			productRefGroup = 55570D7E288D8E5700C64C7F /* Products */;
			projectDirPath = "";
			projectRoot = "";
			targets = (
				55570D7C288D8E5700C64C7F /* Crypto */,
			);
		};
/* End PBXProject section */

/* Begin PBXResourcesBuildPhase section */
		55570D7B288D8E5700C64C7F /* Resources */ = {
			isa = PBXResourcesBuildPhase;
			buildActionMask = 2147483647;
			files = (
				55570D8D288D8E5900C64C7F /* LaunchScreen.storyboard in Resources */,
				55570D8A288D8E5900C64C7F /* Assets.xcassets in Resources */,
				55570D88288D8E5700C64C7F /* Main.storyboard in Resources */,
			);
			runOnlyForDeploymentPostprocessing = 0;
		};
/* End PBXResourcesBuildPhase section */

/* Begin PBXShellScriptBuildPhase section */
		B759FEBCFDDFDF50F5A6CF59 /* [CP] Check Pods Manifest.lock */ = {
			isa = PBXShellScriptBuildPhase;
			buildActionMask = 2147483647;
			files = (
			);
			inputFileListPaths = (
			);
			inputPaths = (
				"${PODS_PODFILE_DIR_PATH}/Podfile.lock",
				"${PODS_ROOT}/Manifest.lock",
			);
			name = "[CP] Check Pods Manifest.lock";
			outputFileListPaths = (
			);
			outputPaths = (
				"$(DERIVED_FILE_DIR)/Pods-Crypto-checkManifestLockResult.txt",
			);
			runOnlyForDeploymentPostprocessing = 0;
			shellPath = /bin/sh;
			shellScript = "diff \"${PODS_PODFILE_DIR_PATH}/Podfile.lock\" \"${PODS_ROOT}/Manifest.lock\" > /dev/null\nif [ $? != 0 ] ; then\n    # print error to STDERR\n    echo \"error: The sandbox is not in sync with the Podfile.lock. Run 'pod install' or update your CocoaPods installation.\" >&2\n    exit 1\nfi\n# This output is used by Xcode 'outputs' to avoid re-running this script phase.\necho \"SUCCESS\" > \"${SCRIPT_OUTPUT_FILE_0}\"\n";
			showEnvVarsInLog = 0;
		};
		DD1EF379EC026930B624322B /* [CP] Embed Pods Frameworks */ = {
			isa = PBXShellScriptBuildPhase;
			buildActionMask = 2147483647;
			files = (
			);
			inputFileListPaths = (
				"${PODS_ROOT}/Target Support Files/Pods-Crypto/Pods-Crypto-frameworks-${CONFIGURATION}-input-files.xcfilelist",
			);
			name = "[CP] Embed Pods Frameworks";
			outputFileListPaths = (
				"${PODS_ROOT}/Target Support Files/Pods-Crypto/Pods-Crypto-frameworks-${CONFIGURATION}-output-files.xcfilelist",
			);
			runOnlyForDeploymentPostprocessing = 0;
			shellPath = /bin/sh;
			shellScript = "\"${PODS_ROOT}/Target Support Files/Pods-Crypto/Pods-Crypto-frameworks.sh\"\n";
			showEnvVarsInLog = 0;
		};
/* End PBXShellScriptBuildPhase section */

/* Begin PBXSourcesBuildPhase section */
		55570D79288D8E5700C64C7F /* Sources */ = {
			isa = PBXSourcesBuildPhase;
			buildActionMask = 2147483647;
			files = (
				5568E8C128AAA08A008C2A50 /* DetailTableViewCell.swift in Sources */,
				5568E8BB28AAA010008C2A50 /* BaseNetworkTask.swift in Sources */,
				5568E8C728AAA238008C2A50 /* SortViewCell.swift in Sources */,
				55EABA4E28A44FC000D608B1 /* WalletTableViewController.swift in Sources */,
				5568E8B128AA9FB6008C2A50 /* CoinsModel.swift in Sources */,
				5568E8AD28AA9F97008C2A50 /* MainTabBarController.swift in Sources */,
				55EABA5028A451A100D608B1 /* ExtensionKeyboard.swift in Sources */,
				5568E8BF28AAA068008C2A50 /* DetailCoinsViewController.swift in Sources */,
				55EFF0FA28AD3D23009633BF /* LaunchService.swift in Sources */,
				55570D85288D8E5700C64C7F /* RegistrationViewController.swift in Sources */,
				5568E8C328AAA09F008C2A50 /* ProfileViewController.swift in Sources */,
				5568E8B528AA9FCA008C2A50 /* SortBy.swift in Sources */,
				5568E8AF28AA9FAC008C2A50 /* User.swift in Sources */,
				55570D81288D8E5700C64C7F /* AppDelegate.swift in Sources */,
				5568E8BD28AAA052008C2A50 /* BonusViewController.swift in Sources */,
				55EABA5F28A6D6C100D608B1 /* CustomColor.swift in Sources */,
				55570D83288D8E5700C64C7F /* SceneDelegate.swift in Sources */,
				5568E8B328AA9FC2008C2A50 /* OneCoinModel.swift in Sources */,
				5568E8B928AA9FFF008C2A50 /* NetworkDate.swift in Sources */,
				5568E8B728AA9FF3008C2A50 /* DataExtraction.swift in Sources */,
				5568E8C528AAA223008C2A50 /* CustomRegistrationView.swift in Sources */,
			);
			runOnlyForDeploymentPostprocessing = 0;
		};
/* End PBXSourcesBuildPhase section */

/* Begin PBXVariantGroup section */
		55570D86288D8E5700C64C7F /* Main.storyboard */ = {
			isa = PBXVariantGroup;
			children = (
				55570D87288D8E5700C64C7F /* Base */,
			);
			name = Main.storyboard;
			sourceTree = "<group>";
		};
		55570D8B288D8E5900C64C7F /* LaunchScreen.storyboard */ = {
			isa = PBXVariantGroup;
			children = (
				55570D8C288D8E5900C64C7F /* Base */,
			);
			name = LaunchScreen.storyboard;
			sourceTree = "<group>";
		};
/* End PBXVariantGroup section */

/* Begin XCBuildConfiguration section */
		55570D8F288D8E5900C64C7F /* Debug */ = {
			isa = XCBuildConfiguration;
			buildSettings = {
				ALWAYS_SEARCH_USER_PATHS = NO;
				CLANG_ANALYZER_NONNULL = YES;
				CLANG_ANALYZER_NUMBER_OBJECT_CONVERSION = YES_AGGRESSIVE;
				CLANG_CXX_LANGUAGE_STANDARD = "gnu++17";
				CLANG_ENABLE_MODULES = YES;
				CLANG_ENABLE_OBJC_ARC = YES;
				CLANG_ENABLE_OBJC_WEAK = YES;
				CLANG_WARN_BLOCK_CAPTURE_AUTORELEASING = YES;
				CLANG_WARN_BOOL_CONVERSION = YES;
				CLANG_WARN_COMMA = YES;
				CLANG_WARN_CONSTANT_CONVERSION = YES;
				CLANG_WARN_DEPRECATED_OBJC_IMPLEMENTATIONS = YES;
				CLANG_WARN_DIRECT_OBJC_ISA_USAGE = YES_ERROR;
				CLANG_WARN_DOCUMENTATION_COMMENTS = YES;
				CLANG_WARN_EMPTY_BODY = YES;
				CLANG_WARN_ENUM_CONVERSION = YES;
				CLANG_WARN_INFINITE_RECURSION = YES;
				CLANG_WARN_INT_CONVERSION = YES;
				CLANG_WARN_NON_LITERAL_NULL_CONVERSION = YES;
				CLANG_WARN_OBJC_IMPLICIT_RETAIN_SELF = YES;
				CLANG_WARN_OBJC_LITERAL_CONVERSION = YES;
				CLANG_WARN_OBJC_ROOT_CLASS = YES_ERROR;
				CLANG_WARN_QUOTED_INCLUDE_IN_FRAMEWORK_HEADER = YES;
				CLANG_WARN_RANGE_LOOP_ANALYSIS = YES;
				CLANG_WARN_STRICT_PROTOTYPES = YES;
				CLANG_WARN_SUSPICIOUS_MOVE = YES;
				CLANG_WARN_UNGUARDED_AVAILABILITY = YES_AGGRESSIVE;
				CLANG_WARN_UNREACHABLE_CODE = YES;
				CLANG_WARN__DUPLICATE_METHOD_MATCH = YES;
				COPY_PHASE_STRIP = NO;
				DEBUG_INFORMATION_FORMAT = dwarf;
				ENABLE_STRICT_OBJC_MSGSEND = YES;
				ENABLE_TESTABILITY = YES;
				GCC_C_LANGUAGE_STANDARD = gnu11;
				GCC_DYNAMIC_NO_PIC = NO;
				GCC_NO_COMMON_BLOCKS = YES;
				GCC_OPTIMIZATION_LEVEL = 0;
				GCC_PREPROCESSOR_DEFINITIONS = (
					"DEBUG=1",
					"$(inherited)",
				);
				GCC_WARN_64_TO_32_BIT_CONVERSION = YES;
				GCC_WARN_ABOUT_RETURN_TYPE = YES_ERROR;
				GCC_WARN_UNDECLARED_SELECTOR = YES;
				GCC_WARN_UNINITIALIZED_AUTOS = YES_AGGRESSIVE;
				GCC_WARN_UNUSED_FUNCTION = YES;
				GCC_WARN_UNUSED_VARIABLE = YES;
				IPHONEOS_DEPLOYMENT_TARGET = 15.4;
				MTL_ENABLE_DEBUG_INFO = INCLUDE_SOURCE;
				MTL_FAST_MATH = YES;
				ONLY_ACTIVE_ARCH = YES;
				SDKROOT = iphoneos;
				SWIFT_ACTIVE_COMPILATION_CONDITIONS = DEBUG;
				SWIFT_OPTIMIZATION_LEVEL = "-Onone";
			};
			name = Debug;
		};
		55570D90288D8E5900C64C7F /* Release */ = {
			isa = XCBuildConfiguration;
			buildSettings = {
				ALWAYS_SEARCH_USER_PATHS = NO;
				CLANG_ANALYZER_NONNULL = YES;
				CLANG_ANALYZER_NUMBER_OBJECT_CONVERSION = YES_AGGRESSIVE;
				CLANG_CXX_LANGUAGE_STANDARD = "gnu++17";
				CLANG_ENABLE_MODULES = YES;
				CLANG_ENABLE_OBJC_ARC = YES;
				CLANG_ENABLE_OBJC_WEAK = YES;
				CLANG_WARN_BLOCK_CAPTURE_AUTORELEASING = YES;
				CLANG_WARN_BOOL_CONVERSION = YES;
				CLANG_WARN_COMMA = YES;
				CLANG_WARN_CONSTANT_CONVERSION = YES;
				CLANG_WARN_DEPRECATED_OBJC_IMPLEMENTATIONS = YES;
				CLANG_WARN_DIRECT_OBJC_ISA_USAGE = YES_ERROR;
				CLANG_WARN_DOCUMENTATION_COMMENTS = YES;
				CLANG_WARN_EMPTY_BODY = YES;
				CLANG_WARN_ENUM_CONVERSION = YES;
				CLANG_WARN_INFINITE_RECURSION = YES;
				CLANG_WARN_INT_CONVERSION = YES;
				CLANG_WARN_NON_LITERAL_NULL_CONVERSION = YES;
				CLANG_WARN_OBJC_IMPLICIT_RETAIN_SELF = YES;
				CLANG_WARN_OBJC_LITERAL_CONVERSION = YES;
				CLANG_WARN_OBJC_ROOT_CLASS = YES_ERROR;
				CLANG_WARN_QUOTED_INCLUDE_IN_FRAMEWORK_HEADER = YES;
				CLANG_WARN_RANGE_LOOP_ANALYSIS = YES;
				CLANG_WARN_STRICT_PROTOTYPES = YES;
				CLANG_WARN_SUSPICIOUS_MOVE = YES;
				CLANG_WARN_UNGUARDED_AVAILABILITY = YES_AGGRESSIVE;
				CLANG_WARN_UNREACHABLE_CODE = YES;
				CLANG_WARN__DUPLICATE_METHOD_MATCH = YES;
				COPY_PHASE_STRIP = NO;
				DEBUG_INFORMATION_FORMAT = "dwarf-with-dsym";
				ENABLE_NS_ASSERTIONS = NO;
				ENABLE_STRICT_OBJC_MSGSEND = YES;
				GCC_C_LANGUAGE_STANDARD = gnu11;
				GCC_NO_COMMON_BLOCKS = YES;
				GCC_WARN_64_TO_32_BIT_CONVERSION = YES;
				GCC_WARN_ABOUT_RETURN_TYPE = YES_ERROR;
				GCC_WARN_UNDECLARED_SELECTOR = YES;
				GCC_WARN_UNINITIALIZED_AUTOS = YES_AGGRESSIVE;
				GCC_WARN_UNUSED_FUNCTION = YES;
				GCC_WARN_UNUSED_VARIABLE = YES;
				IPHONEOS_DEPLOYMENT_TARGET = 15.4;
				MTL_ENABLE_DEBUG_INFO = NO;
				MTL_FAST_MATH = YES;
				SDKROOT = iphoneos;
				SWIFT_COMPILATION_MODE = wholemodule;
				SWIFT_OPTIMIZATION_LEVEL = "-O";
				VALIDATE_PRODUCT = YES;
			};
			name = Release;
		};
		55570D92288D8E5900C64C7F /* Debug */ = {
			isa = XCBuildConfiguration;
			baseConfigurationReference = 1C2368F81B69FB48FB8F79D1 /* Pods-Crypto.debug.xcconfig */;
			buildSettings = {
				ASSETCATALOG_COMPILER_APPICON_NAME = AppIcon;
				ASSETCATALOG_COMPILER_GLOBAL_ACCENT_COLOR_NAME = AccentColor;
				CODE_SIGN_STYLE = Automatic;
				CURRENT_PROJECT_VERSION = 1;
				GENERATE_INFOPLIST_FILE = YES;
				INFOPLIST_FILE = Crypto/Info.plist;
				INFOPLIST_KEY_UIApplicationSupportsIndirectInputEvents = YES;
				INFOPLIST_KEY_UILaunchStoryboardName = LaunchScreen;
				INFOPLIST_KEY_UISupportedInterfaceOrientations_iPad = "UIInterfaceOrientationPortrait UIInterfaceOrientationPortraitUpsideDown UIInterfaceOrientationLandscapeLeft UIInterfaceOrientationLandscapeRight";
				INFOPLIST_KEY_UISupportedInterfaceOrientations_iPhone = "UIInterfaceOrientationPortrait UIInterfaceOrientationLandscapeLeft UIInterfaceOrientationLandscapeRight";
				LD_RUNPATH_SEARCH_PATHS = (
					"$(inherited)",
					"@executable_path/Frameworks",
				);
				MARKETING_VERSION = 1.0;
				PRODUCT_BUNDLE_IDENTIFIER = myPetProject.Crypto;
				PRODUCT_NAME = "$(TARGET_NAME)";
				SWIFT_EMIT_LOC_STRINGS = YES;
				SWIFT_VERSION = 5.0;
				TARGETED_DEVICE_FAMILY = "1,2";
			};
			name = Debug;
		};
		55570D93288D8E5900C64C7F /* Release */ = {
			isa = XCBuildConfiguration;
			baseConfigurationReference = EDDC3DF8E51E93CAD7DF266B /* Pods-Crypto.release.xcconfig */;
			buildSettings = {
				ASSETCATALOG_COMPILER_APPICON_NAME = AppIcon;
				ASSETCATALOG_COMPILER_GLOBAL_ACCENT_COLOR_NAME = AccentColor;
				CODE_SIGN_STYLE = Automatic;
				CURRENT_PROJECT_VERSION = 1;
				GENERATE_INFOPLIST_FILE = YES;
				INFOPLIST_FILE = Crypto/Info.plist;
				INFOPLIST_KEY_UIApplicationSupportsIndirectInputEvents = YES;
				INFOPLIST_KEY_UILaunchStoryboardName = LaunchScreen;
				INFOPLIST_KEY_UISupportedInterfaceOrientations_iPad = "UIInterfaceOrientationPortrait UIInterfaceOrientationPortraitUpsideDown UIInterfaceOrientationLandscapeLeft UIInterfaceOrientationLandscapeRight";
				INFOPLIST_KEY_UISupportedInterfaceOrientations_iPhone = "UIInterfaceOrientationPortrait UIInterfaceOrientationLandscapeLeft UIInterfaceOrientationLandscapeRight";
				LD_RUNPATH_SEARCH_PATHS = (
					"$(inherited)",
					"@executable_path/Frameworks",
				);
				MARKETING_VERSION = 1.0;
				PRODUCT_BUNDLE_IDENTIFIER = myPetProject.Crypto;
				PRODUCT_NAME = "$(TARGET_NAME)";
				SWIFT_EMIT_LOC_STRINGS = YES;
				SWIFT_VERSION = 5.0;
				TARGETED_DEVICE_FAMILY = "1,2";
			};
			name = Release;
		};
/* End XCBuildConfiguration section */

/* Begin XCConfigurationList section */
		55570D78288D8E5700C64C7F /* Build configuration list for PBXProject "Crypto" */ = {
			isa = XCConfigurationList;
			buildConfigurations = (
				55570D8F288D8E5900C64C7F /* Debug */,
				55570D90288D8E5900C64C7F /* Release */,
			);
			defaultConfigurationIsVisible = 0;
			defaultConfigurationName = Release;
		};
		55570D91288D8E5900C64C7F /* Build configuration list for PBXNativeTarget "Crypto" */ = {
			isa = XCConfigurationList;
			buildConfigurations = (
				55570D92288D8E5900C64C7F /* Debug */,
				55570D93288D8E5900C64C7F /* Release */,
			);
			defaultConfigurationIsVisible = 0;
			defaultConfigurationName = Release;
		};
/* End XCConfigurationList section */
	};
	rootObject = 55570D75288D8E5700C64C7F /* Project object */;
}
